
Microsoft Visual Studio Solution File, Format Version 12.00
# Visual Studio Version 17
VisualStudioVersion = 17.0.32014.148
MinimumVisualStudioVersion = 10.0.40219.1
Project("{FAE04EC0-301F-11D3-BF4B-00C04F79EFBC}") = "Employee", "Employee\Employee.csproj", "{2CA32353-E251-4779-A13C-67586B57729C}"
EndProject
Global
	GlobalSection(SolutionConfigurationPlatforms) = preSolution
		Debug|Any CPU = Debug|Any CPU
		Release|Any CPU = Release|Any CPU
	EndGlobalSection
	GlobalSection(ProjectConfigurationPlatforms) = postSolution
		{2CA32353-E251-4779-A13C-67586B57729C}.Debug|Any CPU.ActiveCfg = Debug|Any CPU
		{2CA32353-E251-4779-A13C-67586B57729C}.Debug|Any CPU.Build.0 = Debug|Any CPU
		{2CA32353-E251-4779-A13C-67586B57729C}.Release|Any CPU.ActiveCfg = Release|Any CPU
		{2CA32353-E251-4779-A13C-67586B57729C}.Release|Any CPU.Build.0 = Release|Any CPU
	EndGlobalSection
	GlobalSection(SolutionProperties) = preSolution
		HideSolutionNode = FALSE
	EndGlobalSection
	GlobalSection(ExtensibilityGlobals) = postSolution
		SolutionGuid = {F4A96DB5-1B24-4D6D-B60A-595BA7C95395}
	EndGlobalSection
EndGlobal
